{
    "_readme": [
        "This file locks the dependencies of your project to a known state",
        "Read more about it at https://getcomposer.org/doc/01-basic-usage.md#composer-lock-the-lock-file",
        "This file is @generated automatically"
    ],
    "content-hash": "56ecdaa2a7e40828fe77480a8a77b69f",
    "packages": [
        {
            "name": "viniciuslcpereira97/BRquent",
            "version": "1.0",
            "source": {
                "type": "git",
                "url": "https://github.com/viniciuslcpereira97/BRquent.git",
                "reference": "origin/master"
            },
            "type": "library"
        }
    ],
    "packages-dev": [],
    "aliases": [],
    "minimum-stability": "stable",
    "stability-flags": [],
    "prefer-stable": false,
    "prefer-lowest": false,
    "platform": {
        "php": ">=7.0"
    },
    "platform-dev": []
}
